
Microsoft Visual Studio Solution File, Format Version 12.00
# Visual Studio Version 16
VisualStudioVersion = 16.0.31129.286
MinimumVisualStudioVersion = 10.0.40219.1
Project("{FAE04EC0-301F-11D3-BF4B-00C04F79EFBC}") = "ITMHelper", "ITMHelper.csproj", "{476E31D8-C83F-4F3E-8FA3-1396EFD36086}"
EndProject
Global
	GlobalSection(SolutionConfigurationPlatforms) = preSolution
		Debug|Any CPU = Debug|Any CPU
		Release|Any CPU = Release|Any CPU
	EndGlobalSection
	GlobalSection(ProjectConfigurationPlatforms) = postSolution
		{476E31D8-C83F-4F3E-8FA3-1396EFD36086}.Debug|Any CPU.ActiveCfg = Debug|Any CPU
		{476E31D8-C83F-4F3E-8FA3-1396EFD36086}.Debug|Any CPU.Build.0 = Debug|Any CPU
		{476E31D8-C83F-4F3E-8FA3-1396EFD36086}.Release|Any CPU.ActiveCfg = Release|Any CPU
		{476E31D8-C83F-4F3E-8FA3-1396EFD36086}.Release|Any CPU.Build.0 = Release|Any CPU
	EndGlobalSection
	GlobalSection(SolutionProperties) = preSolution
		HideSolutionNode = FALSE
	EndGlobalSection
	GlobalSection(ExtensibilityGlobals) = postSolution
		SolutionGuid = {EFA28223-58D9-4EF0-999A-6A33042B5B9E}
	EndGlobalSection
EndGlobal
